# This file is automatically @generated by Cargo.
# It is not intended for manual editing.
version = 4

[[package]]
name = "use-ascii"
version = "0.1.0"

[[package]]
name = "use-base32"
version = "0.1.0"

[[package]]
name = "use-base64"
version = "0.1.0"

[[package]]
name = "use-encoding"
version = "0.1.0"
dependencies = [
 "use-ascii",
 "use-base32",
 "use-base64",
 "use-escape",
 "use-hex",
 "use-percent",
 "use-utf8",
]

[[package]]
name = "use-escape"
version = "0.1.0"

[[package]]
name = "use-hex"
version = "0.1.0"

[[package]]
name = "use-percent"
version = "0.1.0"

[[package]]
name = "use-utf8"
version = "0.1.0"
